{
  "requires": true,
  "lockfileVersion": 1,
  "dependencies": {
    "adler-32": {
      "version": "1.2.0",
      "resolved": "https://registry.npm.taobao.org/adler-32/download/adler-32-1.2.0.tgz",
      "integrity": "sha1-aj5r8KY5ALoVZSgIyxXGgT0aXyU=",
      "requires": {
        "exit-on-epipe": "~1.0.1",
        "printj": "~1.1.0"
      }
    },
    "cfb": {
      "version": "1.1.4",
      "resolved": "https://registry.npm.taobao.org/cfb/download/cfb-1.1.4.tgz?cache=0&sync_timestamp=1584079392655&other_urls=https%3A%2F%2Fregistry.npm.taobao.org%2Fcfb%2Fdownload%2Fcfb-1.1.4.tgz",
      "integrity": "sha1-gf017eTJGdjwliqUWC4d+vcFHio=",
      "requires": {
        "adler-32": "~1.2.0",
        "commander": "^2.16.0",
        "crc-32": "~1.2.0",
        "printj": "~1.1.2"
      }
    },
    "codepage": {
      "version": "1.14.0",
      "resolved": "https://registry.npm.taobao.org/codepage/download/codepage-1.14.0.tgz",
      "integrity": "sha1-jL4lSBMjVZ19MHVxsP/5HnodL5k=",
      "requires": {
        "commander": "~2.14.1",
        "exit-on-epipe": "~1.0.1"
      },
      "dependencies": {
        "commander": {
          "version": "2.14.1",
          "resolved": "https://registry.npm.taobao.org/commander/download/commander-2.14.1.tgz?cache=0&sync_timestamp=1584148318639&other_urls=https%3A%2F%2Fregistry.npm.taobao.org%2Fcommander%2Fdownload%2Fcommander-2.14.1.tgz",
          "integrity": "sha1-IjUSPjevjKPGXfRbAm29NXsBuao="
        }
      }
    },
    "commander": {
      "version": "2.17.1",
      "resolved": "https://registry.npm.taobao.org/commander/download/commander-2.17.1.tgz?cache=0&sync_timestamp=1584148318639&other_urls=https%3A%2F%2Fregistry.npm.taobao.org%2Fcommander%2Fdownload%2Fcommander-2.17.1.tgz",
      "integrity": "sha1-vXerfebelCBc6sxy8XFtKfIKd78="
    },
    "crc-32": {
      "version": "1.2.0",
      "resolved": "https://registry.npm.taobao.org/crc-32/download/crc-32-1.2.0.tgz",
      "integrity": "sha1-yy224puIUI4y2d0OwWk+e0Ghggg=",
      "requires": {
        "exit-on-epipe": "~1.0.1",
        "printj": "~1.1.0"
      }
    },
    "exit-on-epipe": {
      "version": "1.0.1",
      "resolved": "https://registry.npm.taobao.org/exit-on-epipe/download/exit-on-epipe-1.0.1.tgz",
      "integrity": "sha1-C92S6H1ShdJn2qgXHQ6wYVlolpI="
    },
    "file-saver": {
      "version": "2.0.2",
      "resolved": "https://registry.npm.taobao.org/file-saver/download/file-saver-2.0.2.tgz",
      "integrity": "sha1-BtbnKKnqLfLM4vjZ6E383DOOwXo="
    },
    "frac": {
      "version": "1.1.2",
      "resolved": "https://registry.npm.taobao.org/frac/download/frac-1.1.2.tgz",
      "integrity": "sha1-PXT39keMiKG1AgMG10fcYxPHTQs="
    },
    "printj": {
      "version": "1.1.2",
      "resolved": "https://registry.npm.taobao.org/printj/download/printj-1.1.2.tgz",
      "integrity": "sha1-2Q3rKXWoufYA+zoclOP0xTx4oiI="
    },
    "raw-loader": {
      "version": "0.5.1",
      "resolved": "https://registry.npm.taobao.org/raw-loader/download/raw-loader-0.5.1.tgz",
      "integrity": "sha1-DD0L6u2KAclm2Xh793goElKpeao=",
      "dev": true
    },
    "script-loader": {
      "version": "0.7.2",
      "resolved": "https://registry.npm.taobao.org/script-loader/download/script-loader-0.7.2.tgz",
      "integrity": "sha1-IBbbb4byX1z1baOJFdgzeLsWa6c=",
      "dev": true,
      "requires": {
        "raw-loader": "~0.5.1"
      }
    },
    "ssf": {
      "version": "0.10.3",
      "resolved": "https://registry.npm.taobao.org/ssf/download/ssf-0.10.3.tgz",
      "integrity": "sha1-jq4fwpyQpVLnkhII+BiS1vd6yys=",
      "requires": {
        "frac": "~1.1.2"
      }
    },
    "wmf": {
      "version": "1.0.2",
      "resolved": "https://registry.npm.taobao.org/wmf/download/wmf-1.0.2.tgz?cache=0&other_urls=https%3A%2F%2Fregistry.npm.taobao.org%2Fwmf%2Fdownload%2Fwmf-1.0.2.tgz",
      "integrity": "sha1-fRnWIQcaCMK9xrfmiKnENSmMwto="
    },
    "xlsx": {
      "version": "0.15.6",
      "resolved": "https://registry.npm.taobao.org/xlsx/download/xlsx-0.15.6.tgz",
      "integrity": "sha1-Rh+EHW2eoag3XizSRr8jrs4IodU=",
      "requires": {
        "adler-32": "~1.2.0",
        "cfb": "^1.1.4",
        "codepage": "~1.14.0",
        "commander": "~2.17.1",
        "crc-32": "~1.2.0",
        "exit-on-epipe": "~1.0.1",
        "ssf": "~0.10.3",
        "wmf": "~1.0.1"
      }
    }
  }
}
